
Microsoft Visual Studio Solution File, Format Version 12.00
# Visual Studio Version 17
VisualStudioVersion = 17.9.34728.123
MinimumVisualStudioVersion = 10.0.40219.1
Project("{FAE04EC0-301F-11D3-BF4B-00C04F79EFBC}") = "Фон_шрифт", "Фон_шрифт\Фон_шрифт.csproj", "{DDE816A0-D167-4F18-9A7C-A2A36A2F6321}"
EndProject
Global
	GlobalSection(SolutionConfigurationPlatforms) = preSolution
		Debug|Any CPU = Debug|Any CPU
		Release|Any CPU = Release|Any CPU
	EndGlobalSection
	GlobalSection(ProjectConfigurationPlatforms) = postSolution
		{DDE816A0-D167-4F18-9A7C-A2A36A2F6321}.Debug|Any CPU.ActiveCfg = Debug|Any CPU
		{DDE816A0-D167-4F18-9A7C-A2A36A2F6321}.Debug|Any CPU.Build.0 = Debug|Any CPU
		{DDE816A0-D167-4F18-9A7C-A2A36A2F6321}.Release|Any CPU.ActiveCfg = Release|Any CPU
		{DDE816A0-D167-4F18-9A7C-A2A36A2F6321}.Release|Any CPU.Build.0 = Release|Any CPU
	EndGlobalSection
	GlobalSection(SolutionProperties) = preSolution
		HideSolutionNode = FALSE
	EndGlobalSection
	GlobalSection(ExtensibilityGlobals) = postSolution
		SolutionGuid = {4802DAAC-AFFD-454D-90FB-401309A9D733}
	EndGlobalSection
EndGlobal
